
Microsoft Visual Studio Solution File, Format Version 12.00
# Visual Studio Version 16
VisualStudioVersion = 16.0.29409.12
MinimumVisualStudioVersion = 15.0.26124.0
Project("{9A19103F-16F7-4668-BE54-9A1E7A4F7556}") = "Processor", "Processor\Processor.csproj", "{00AA6BCE-1E6C-49B1-9457-645AC4814544}"
EndProject
Project("{9A19103F-16F7-4668-BE54-9A1E7A4F7556}") = "Shared", "Shared\Shared.csproj", "{77E1372E-4FF0-47DA-AEBD-051AF9AE5213}"
EndProject
Project("{9A19103F-16F7-4668-BE54-9A1E7A4F7556}") = "WebApi", "WebApi\WebApi.csproj", "{B601C238-AC79-41C6-BFC7-733C11DD9BCD}"
EndProject
Project("{2150E333-8FDC-42A3-9474-1A3956D46DE8}") = "Solution Items", "Solution Items", "{0FFAE731-3539-4379-99AA-1C7F807621BB}"
	ProjectSection(SolutionItems) = preProject
		.gitignore = .gitignore
		docker-build.ps1 = docker-build.ps1
		docker-compose.yml = docker-compose.yml
		docker-run.ps1 = docker-run.ps1
		LICENSE = LICENSE
		README.md = README.md
	EndProjectSection
EndProject
Project("{9A19103F-16F7-4668-BE54-9A1E7A4F7556}") = "WebApi.Test", "WebApi.Test\WebApi.Test.csproj", "{69C0F1FC-5833-43FD-BA07-69BFA6131737}"
EndProject
Project("{9A19103F-16F7-4668-BE54-9A1E7A4F7556}") = "WebApi.Client", "WebApi.Client\WebApi.Client.csproj", "{F93A96C4-02A3-49E5-85F8-917A2097ECA4}"
EndProject
Project("{9A19103F-16F7-4668-BE54-9A1E7A4F7556}") = "Models", "Models\Models.csproj", "{BCBEA6A3-4290-400B-9D76-AB0A1214B668}"
EndProject
Project("{9A19103F-16F7-4668-BE54-9A1E7A4F7556}") = "VantagePointTree", "VantagePointTree\VantagePointTree\VantagePointTree.csproj", "{24435D62-4D48-47A8-AF7D-4400E1962103}"
EndProject
Global
	GlobalSection(SolutionConfigurationPlatforms) = preSolution
		Debug|Any CPU = Debug|Any CPU
		Debug|x64 = Debug|x64
		Debug|x86 = Debug|x86
		Release|Any CPU = Release|Any CPU
		Release|x64 = Release|x64
		Release|x86 = Release|x86
	EndGlobalSection
	GlobalSection(ProjectConfigurationPlatforms) = postSolution
		{00AA6BCE-1E6C-49B1-9457-645AC4814544}.Debug|Any CPU.ActiveCfg = Debug|Any CPU
		{00AA6BCE-1E6C-49B1-9457-645AC4814544}.Debug|Any CPU.Build.0 = Debug|Any CPU
		{00AA6BCE-1E6C-49B1-9457-645AC4814544}.Debug|x64.ActiveCfg = Debug|Any CPU
		{00AA6BCE-1E6C-49B1-9457-645AC4814544}.Debug|x64.Build.0 = Debug|Any CPU
		{00AA6BCE-1E6C-49B1-9457-645AC4814544}.Debug|x86.ActiveCfg = Debug|Any CPU
		{00AA6BCE-1E6C-49B1-9457-645AC4814544}.Debug|x86.Build.0 = Debug|Any CPU
		{00AA6BCE-1E6C-49B1-9457-645AC4814544}.Release|Any CPU.ActiveCfg = Release|Any CPU
		{00AA6BCE-1E6C-49B1-9457-645AC4814544}.Release|Any CPU.Build.0 = Release|Any CPU
		{00AA6BCE-1E6C-49B1-9457-645AC4814544}.Release|x64.ActiveCfg = Release|Any CPU
		{00AA6BCE-1E6C-49B1-9457-645AC4814544}.Release|x64.Build.0 = Release|Any CPU
		{00AA6BCE-1E6C-49B1-9457-645AC4814544}.Release|x86.ActiveCfg = Release|Any CPU
		{00AA6BCE-1E6C-49B1-9457-645AC4814544}.Release|x86.Build.0 = Release|Any CPU
		{77E1372E-4FF0-47DA-AEBD-051AF9AE5213}.Debug|Any CPU.ActiveCfg = Debug|Any CPU
		{77E1372E-4FF0-47DA-AEBD-051AF9AE5213}.Debug|Any CPU.Build.0 = Debug|Any CPU
		{77E1372E-4FF0-47DA-AEBD-051AF9AE5213}.Debug|x64.ActiveCfg = Debug|Any CPU
		{77E1372E-4FF0-47DA-AEBD-051AF9AE5213}.Debug|x64.Build.0 = Debug|Any CPU
		{77E1372E-4FF0-47DA-AEBD-051AF9AE5213}.Debug|x86.ActiveCfg = Debug|Any CPU
		{77E1372E-4FF0-47DA-AEBD-051AF9AE5213}.Debug|x86.Build.0 = Debug|Any CPU
		{77E1372E-4FF0-47DA-AEBD-051AF9AE5213}.Release|Any CPU.ActiveCfg = Release|Any CPU
		{77E1372E-4FF0-47DA-AEBD-051AF9AE5213}.Release|Any CPU.Build.0 = Release|Any CPU
		{77E1372E-4FF0-47DA-AEBD-051AF9AE5213}.Release|x64.ActiveCfg = Release|Any CPU
		{77E1372E-4FF0-47DA-AEBD-051AF9AE5213}.Release|x64.Build.0 = Release|Any CPU
		{77E1372E-4FF0-47DA-AEBD-051AF9AE5213}.Release|x86.ActiveCfg = Release|Any CPU
		{77E1372E-4FF0-47DA-AEBD-051AF9AE5213}.Release|x86.Build.0 = Release|Any CPU
		{B601C238-AC79-41C6-BFC7-733C11DD9BCD}.Debug|Any CPU.ActiveCfg = Debug|Any CPU
		{B601C238-AC79-41C6-BFC7-733C11DD9BCD}.Debug|Any CPU.Build.0 = Debug|Any CPU
		{B601C238-AC79-41C6-BFC7-733C11DD9BCD}.Debug|x64.ActiveCfg = Debug|Any CPU
		{B601C238-AC79-41C6-BFC7-733C11DD9BCD}.Debug|x64.Build.0 = Debug|Any CPU
		{B601C238-AC79-41C6-BFC7-733C11DD9BCD}.Debug|x86.ActiveCfg = Debug|Any CPU
		{B601C238-AC79-41C6-BFC7-733C11DD9BCD}.Debug|x86.Build.0 = Debug|Any CPU
		{B601C238-AC79-41C6-BFC7-733C11DD9BCD}.Release|Any CPU.ActiveCfg = Release|Any CPU
		{B601C238-AC79-41C6-BFC7-733C11DD9BCD}.Release|Any CPU.Build.0 = Release|Any CPU
		{B601C238-AC79-41C6-BFC7-733C11DD9BCD}.Release|x64.ActiveCfg = Release|Any CPU
		{B601C238-AC79-41C6-BFC7-733C11DD9BCD}.Release|x64.Build.0 = Release|Any CPU
		{B601C238-AC79-41C6-BFC7-733C11DD9BCD}.Release|x86.ActiveCfg = Release|Any CPU
		{B601C238-AC79-41C6-BFC7-733C11DD9BCD}.Release|x86.Build.0 = Release|Any CPU
		{69C0F1FC-5833-43FD-BA07-69BFA6131737}.Debug|Any CPU.ActiveCfg = Debug|Any CPU
		{69C0F1FC-5833-43FD-BA07-69BFA6131737}.Debug|Any CPU.Build.0 = Debug|Any CPU
		{69C0F1FC-5833-43FD-BA07-69BFA6131737}.Debug|x64.ActiveCfg = Debug|Any CPU
		{69C0F1FC-5833-43FD-BA07-69BFA6131737}.Debug|x64.Build.0 = Debug|Any CPU
		{69C0F1FC-5833-43FD-BA07-69BFA6131737}.Debug|x86.ActiveCfg = Debug|Any CPU
		{69C0F1FC-5833-43FD-BA07-69BFA6131737}.Debug|x86.Build.0 = Debug|Any CPU
		{69C0F1FC-5833-43FD-BA07-69BFA6131737}.Release|Any CPU.ActiveCfg = Release|Any CPU
		{69C0F1FC-5833-43FD-BA07-69BFA6131737}.Release|Any CPU.Build.0 = Release|Any CPU
		{69C0F1FC-5833-43FD-BA07-69BFA6131737}.Release|x64.ActiveCfg = Release|Any CPU
		{69C0F1FC-5833-43FD-BA07-69BFA6131737}.Release|x64.Build.0 = Release|Any CPU
		{69C0F1FC-5833-43FD-BA07-69BFA6131737}.Release|x86.ActiveCfg = Release|Any CPU
		{69C0F1FC-5833-43FD-BA07-69BFA6131737}.Release|x86.Build.0 = Release|Any CPU
		{F93A96C4-02A3-49E5-85F8-917A2097ECA4}.Debug|Any CPU.ActiveCfg = Debug|Any CPU
		{F93A96C4-02A3-49E5-85F8-917A2097ECA4}.Debug|Any CPU.Build.0 = Debug|Any CPU
		{F93A96C4-02A3-49E5-85F8-917A2097ECA4}.Debug|x64.ActiveCfg = Debug|Any CPU
		{F93A96C4-02A3-49E5-85F8-917A2097ECA4}.Debug|x64.Build.0 = Debug|Any CPU
		{F93A96C4-02A3-49E5-85F8-917A2097ECA4}.Debug|x86.ActiveCfg = Debug|Any CPU
		{F93A96C4-02A3-49E5-85F8-917A2097ECA4}.Debug|x86.Build.0 = Debug|Any CPU
		{F93A96C4-02A3-49E5-85F8-917A2097ECA4}.Release|Any CPU.ActiveCfg = Release|Any CPU
		{F93A96C4-02A3-49E5-85F8-917A2097ECA4}.Release|Any CPU.Build.0 = Release|Any CPU
		{F93A96C4-02A3-49E5-85F8-917A2097ECA4}.Release|x64.ActiveCfg = Release|Any CPU
		{F93A96C4-02A3-49E5-85F8-917A2097ECA4}.Release|x64.Build.0 = Release|Any CPU
		{F93A96C4-02A3-49E5-85F8-917A2097ECA4}.Release|x86.ActiveCfg = Release|Any CPU
		{F93A96C4-02A3-49E5-85F8-917A2097ECA4}.Release|x86.Build.0 = Release|Any CPU
		{BCBEA6A3-4290-400B-9D76-AB0A1214B668}.Debug|Any CPU.ActiveCfg = Debug|Any CPU
		{BCBEA6A3-4290-400B-9D76-AB0A1214B668}.Debug|Any CPU.Build.0 = Debug|Any CPU
		{BCBEA6A3-4290-400B-9D76-AB0A1214B668}.Debug|x64.ActiveCfg = Debug|Any CPU
		{BCBEA6A3-4290-400B-9D76-AB0A1214B668}.Debug|x64.Build.0 = Debug|Any CPU
		{BCBEA6A3-4290-400B-9D76-AB0A1214B668}.Debug|x86.ActiveCfg = Debug|Any CPU
		{BCBEA6A3-4290-400B-9D76-AB0A1214B668}.Debug|x86.Build.0 = Debug|Any CPU
		{BCBEA6A3-4290-400B-9D76-AB0A1214B668}.Release|Any CPU.ActiveCfg = Release|Any CPU
		{BCBEA6A3-4290-400B-9D76-AB0A1214B668}.Release|Any CPU.Build.0 = Release|Any CPU
		{BCBEA6A3-4290-400B-9D76-AB0A1214B668}.Release|x64.ActiveCfg = Release|Any CPU
		{BCBEA6A3-4290-400B-9D76-AB0A1214B668}.Release|x64.Build.0 = Release|Any CPU
		{BCBEA6A3-4290-400B-9D76-AB0A1214B668}.Release|x86.ActiveCfg = Release|Any CPU
		{BCBEA6A3-4290-400B-9D76-AB0A1214B668}.Release|x86.Build.0 = Release|Any CPU
		{24435D62-4D48-47A8-AF7D-4400E1962103}.Debug|Any CPU.ActiveCfg = Debug|Any CPU
		{24435D62-4D48-47A8-AF7D-4400E1962103}.Debug|Any CPU.Build.0 = Debug|Any CPU
		{24435D62-4D48-47A8-AF7D-4400E1962103}.Debug|x64.ActiveCfg = Debug|Any CPU
		{24435D62-4D48-47A8-AF7D-4400E1962103}.Debug|x64.Build.0 = Debug|Any CPU
		{24435D62-4D48-47A8-AF7D-4400E1962103}.Debug|x86.ActiveCfg = Debug|Any CPU
		{24435D62-4D48-47A8-AF7D-4400E1962103}.Debug|x86.Build.0 = Debug|Any CPU
		{24435D62-4D48-47A8-AF7D-4400E1962103}.Release|Any CPU.ActiveCfg = Release|Any CPU
		{24435D62-4D48-47A8-AF7D-4400E1962103}.Release|Any CPU.Build.0 = Release|Any CPU
		{24435D62-4D48-47A8-AF7D-4400E1962103}.Release|x64.ActiveCfg = Release|Any CPU
		{24435D62-4D48-47A8-AF7D-4400E1962103}.Release|x64.Build.0 = Release|Any CPU
		{24435D62-4D48-47A8-AF7D-4400E1962103}.Release|x86.ActiveCfg = Release|Any CPU
		{24435D62-4D48-47A8-AF7D-4400E1962103}.Release|x86.Build.0 = Release|Any CPU
	EndGlobalSection
	GlobalSection(SolutionProperties) = preSolution
		HideSolutionNode = FALSE
	EndGlobalSection
	GlobalSection(ExtensibilityGlobals) = postSolution
		SolutionGuid = {F2A5F155-5363-440B-AF6A-617D397FB83E}
	EndGlobalSection
EndGlobal
